
Microsoft Visual Studio Solution File, Format Version 12.00
# Visual Studio Version 17
VisualStudioVersion = 17.0.31919.166
MinimumVisualStudioVersion = 10.0.40219.1
Project("{FAE04EC0-301F-11D3-BF4B-00C04F79EFBC}") = "Inheritance Challenge", "Inheritance Challenge\Inheritance Challenge.csproj", "{252A9D0C-2E0B-4347-87FC-EB67B45B29DD}"
EndProject
Global
	GlobalSection(SolutionConfigurationPlatforms) = preSolution
		Debug|Any CPU = Debug|Any CPU
		Release|Any CPU = Release|Any CPU
	EndGlobalSection
	GlobalSection(ProjectConfigurationPlatforms) = postSolution
		{252A9D0C-2E0B-4347-87FC-EB67B45B29DD}.Debug|Any CPU.ActiveCfg = Debug|Any CPU
		{252A9D0C-2E0B-4347-87FC-EB67B45B29DD}.Debug|Any CPU.Build.0 = Debug|Any CPU
		{252A9D0C-2E0B-4347-87FC-EB67B45B29DD}.Release|Any CPU.ActiveCfg = Release|Any CPU
		{252A9D0C-2E0B-4347-87FC-EB67B45B29DD}.Release|Any CPU.Build.0 = Release|Any CPU
	EndGlobalSection
	GlobalSection(SolutionProperties) = preSolution
		HideSolutionNode = FALSE
	EndGlobalSection
	GlobalSection(ExtensibilityGlobals) = postSolution
		SolutionGuid = {2FB2846F-031D-4A36-87E2-883AC30C2FA0}
	EndGlobalSection
EndGlobal
